
Microsoft Visual Studio Solution File, Format Version 12.00
# Visual Studio 15
VisualStudioVersion = 15.0.28307.645
MinimumVisualStudioVersion = 10.0.40219.1
Project("{FAE04EC0-301F-11D3-BF4B-00C04F79EFBC}") = "Printooth.Android", "Printooth\Printooth.Android\Printooth.Android.csproj", "{901899AE-5085-439E-8996-CA55EA8B1F2D}"
EndProject
Project("{FAE04EC0-301F-11D3-BF4B-00C04F79EFBC}") = "Printooth.iOS", "Printooth\Printooth.iOS\Printooth.iOS.csproj", "{22C6E7F6-E02F-4E8F-A042-5E61F569CE18}"
EndProject
Project("{9A19103F-16F7-4668-BE54-9A1E7A4F7556}") = "Printooth", "Printooth\Printooth\Printooth.csproj", "{68298EC7-0261-4AB5-9F13-C744E29645A5}"
EndProject
Project("{FAE04EC0-301F-11D3-BF4B-00C04F79EFBC}") = "ESCPOS_Command", "ESCPOS_Command\ESCPOS_Command.csproj", "{87AA1C15-C020-451D-9689-ADB5939CDC40}"
EndProject
Project("{2150E333-8FDC-42A3-9474-1A3956D46DE8}") = "Printhoot", "Printhoot", "{09E786A2-FC9D-4BF2-8EFD-AC224E015079}"
EndProject
Project("{FAE04EC0-301F-11D3-BF4B-00C04F79EFBC}") = "PrintoothCore", "PrintoothCore\PrintoothCore.csproj", "{E2C9DDBF-D4EA-4345-ADF2-2ECD431A7D5B}"
EndProject
Global
	GlobalSection(SolutionConfigurationPlatforms) = preSolution
		Ad-Hoc|Any CPU = Ad-Hoc|Any CPU
		Ad-Hoc|iPhone = Ad-Hoc|iPhone
		Ad-Hoc|iPhoneSimulator = Ad-Hoc|iPhoneSimulator
		AppStore|Any CPU = AppStore|Any CPU
		AppStore|iPhone = AppStore|iPhone
		AppStore|iPhoneSimulator = AppStore|iPhoneSimulator
		Debug|Any CPU = Debug|Any CPU
		Debug|iPhone = Debug|iPhone
		Debug|iPhoneSimulator = Debug|iPhoneSimulator
		Release|Any CPU = Release|Any CPU
		Release|iPhone = Release|iPhone
		Release|iPhoneSimulator = Release|iPhoneSimulator
	EndGlobalSection
	GlobalSection(ProjectConfigurationPlatforms) = postSolution
		{901899AE-5085-439E-8996-CA55EA8B1F2D}.Ad-Hoc|Any CPU.ActiveCfg = Release|Any CPU
		{901899AE-5085-439E-8996-CA55EA8B1F2D}.Ad-Hoc|Any CPU.Build.0 = Release|Any CPU
		{901899AE-5085-439E-8996-CA55EA8B1F2D}.Ad-Hoc|Any CPU.Deploy.0 = Release|Any CPU
		{901899AE-5085-439E-8996-CA55EA8B1F2D}.Ad-Hoc|iPhone.ActiveCfg = Release|Any CPU
		{901899AE-5085-439E-8996-CA55EA8B1F2D}.Ad-Hoc|iPhone.Build.0 = Release|Any CPU
		{901899AE-5085-439E-8996-CA55EA8B1F2D}.Ad-Hoc|iPhone.Deploy.0 = Release|Any CPU
		{901899AE-5085-439E-8996-CA55EA8B1F2D}.Ad-Hoc|iPhoneSimulator.ActiveCfg = Release|Any CPU
		{901899AE-5085-439E-8996-CA55EA8B1F2D}.Ad-Hoc|iPhoneSimulator.Build.0 = Release|Any CPU
		{901899AE-5085-439E-8996-CA55EA8B1F2D}.Ad-Hoc|iPhoneSimulator.Deploy.0 = Release|Any CPU
		{901899AE-5085-439E-8996-CA55EA8B1F2D}.AppStore|Any CPU.ActiveCfg = Release|Any CPU
		{901899AE-5085-439E-8996-CA55EA8B1F2D}.AppStore|Any CPU.Build.0 = Release|Any CPU
		{901899AE-5085-439E-8996-CA55EA8B1F2D}.AppStore|Any CPU.Deploy.0 = Release|Any CPU
		{901899AE-5085-439E-8996-CA55EA8B1F2D}.AppStore|iPhone.ActiveCfg = Release|Any CPU
		{901899AE-5085-439E-8996-CA55EA8B1F2D}.AppStore|iPhone.Build.0 = Release|Any CPU
		{901899AE-5085-439E-8996-CA55EA8B1F2D}.AppStore|iPhone.Deploy.0 = Release|Any CPU
		{901899AE-5085-439E-8996-CA55EA8B1F2D}.AppStore|iPhoneSimulator.ActiveCfg = Release|Any CPU
		{901899AE-5085-439E-8996-CA55EA8B1F2D}.AppStore|iPhoneSimulator.Build.0 = Release|Any CPU
		{901899AE-5085-439E-8996-CA55EA8B1F2D}.AppStore|iPhoneSimulator.Deploy.0 = Release|Any CPU
		{901899AE-5085-439E-8996-CA55EA8B1F2D}.Debug|Any CPU.ActiveCfg = Debug|Any CPU
		{901899AE-5085-439E-8996-CA55EA8B1F2D}.Debug|Any CPU.Build.0 = Debug|Any CPU
		{901899AE-5085-439E-8996-CA55EA8B1F2D}.Debug|Any CPU.Deploy.0 = Debug|Any CPU
		{901899AE-5085-439E-8996-CA55EA8B1F2D}.Debug|iPhone.ActiveCfg = Debug|Any CPU
		{901899AE-5085-439E-8996-CA55EA8B1F2D}.Debug|iPhone.Build.0 = Debug|Any CPU
		{901899AE-5085-439E-8996-CA55EA8B1F2D}.Debug|iPhone.Deploy.0 = Debug|Any CPU
		{901899AE-5085-439E-8996-CA55EA8B1F2D}.Debug|iPhoneSimulator.ActiveCfg = Debug|Any CPU
		{901899AE-5085-439E-8996-CA55EA8B1F2D}.Debug|iPhoneSimulator.Build.0 = Debug|Any CPU
		{901899AE-5085-439E-8996-CA55EA8B1F2D}.Debug|iPhoneSimulator.Deploy.0 = Debug|Any CPU
		{901899AE-5085-439E-8996-CA55EA8B1F2D}.Release|Any CPU.ActiveCfg = Release|Any CPU
		{901899AE-5085-439E-8996-CA55EA8B1F2D}.Release|Any CPU.Build.0 = Release|Any CPU
		{901899AE-5085-439E-8996-CA55EA8B1F2D}.Release|Any CPU.Deploy.0 = Release|Any CPU
		{901899AE-5085-439E-8996-CA55EA8B1F2D}.Release|iPhone.ActiveCfg = Release|Any CPU
		{901899AE-5085-439E-8996-CA55EA8B1F2D}.Release|iPhone.Build.0 = Release|Any CPU
		{901899AE-5085-439E-8996-CA55EA8B1F2D}.Release|iPhone.Deploy.0 = Release|Any CPU
		{901899AE-5085-439E-8996-CA55EA8B1F2D}.Release|iPhoneSimulator.ActiveCfg = Release|Any CPU
		{901899AE-5085-439E-8996-CA55EA8B1F2D}.Release|iPhoneSimulator.Build.0 = Release|Any CPU
		{901899AE-5085-439E-8996-CA55EA8B1F2D}.Release|iPhoneSimulator.Deploy.0 = Release|Any CPU
		{22C6E7F6-E02F-4E8F-A042-5E61F569CE18}.Ad-Hoc|Any CPU.ActiveCfg = Ad-Hoc|iPhone
		{22C6E7F6-E02F-4E8F-A042-5E61F569CE18}.Ad-Hoc|Any CPU.Build.0 = Ad-Hoc|iPhone
		{22C6E7F6-E02F-4E8F-A042-5E61F569CE18}.Ad-Hoc|Any CPU.Deploy.0 = Ad-Hoc|iPhone
		{22C6E7F6-E02F-4E8F-A042-5E61F569CE18}.Ad-Hoc|iPhone.ActiveCfg = Ad-Hoc|iPhone
		{22C6E7F6-E02F-4E8F-A042-5E61F569CE18}.Ad-Hoc|iPhone.Build.0 = Ad-Hoc|iPhone
		{22C6E7F6-E02F-4E8F-A042-5E61F569CE18}.Ad-Hoc|iPhone.Deploy.0 = Ad-Hoc|iPhone
		{22C6E7F6-E02F-4E8F-A042-5E61F569CE18}.Ad-Hoc|iPhoneSimulator.ActiveCfg = Ad-Hoc|iPhoneSimulator
		{22C6E7F6-E02F-4E8F-A042-5E61F569CE18}.Ad-Hoc|iPhoneSimulator.Build.0 = Ad-Hoc|iPhoneSimulator
		{22C6E7F6-E02F-4E8F-A042-5E61F569CE18}.Ad-Hoc|iPhoneSimulator.Deploy.0 = Ad-Hoc|iPhoneSimulator
		{22C6E7F6-E02F-4E8F-A042-5E61F569CE18}.AppStore|Any CPU.ActiveCfg = AppStore|iPhone
		{22C6E7F6-E02F-4E8F-A042-5E61F569CE18}.AppStore|Any CPU.Build.0 = AppStore|iPhone
		{22C6E7F6-E02F-4E8F-A042-5E61F569CE18}.AppStore|Any CPU.Deploy.0 = AppStore|iPhone
		{22C6E7F6-E02F-4E8F-A042-5E61F569CE18}.AppStore|iPhone.ActiveCfg = AppStore|iPhone
		{22C6E7F6-E02F-4E8F-A042-5E61F569CE18}.AppStore|iPhone.Build.0 = AppStore|iPhone
		{22C6E7F6-E02F-4E8F-A042-5E61F569CE18}.AppStore|iPhone.Deploy.0 = AppStore|iPhone
		{22C6E7F6-E02F-4E8F-A042-5E61F569CE18}.AppStore|iPhoneSimulator.ActiveCfg = AppStore|iPhoneSimulator
		{22C6E7F6-E02F-4E8F-A042-5E61F569CE18}.AppStore|iPhoneSimulator.Build.0 = AppStore|iPhoneSimulator
		{22C6E7F6-E02F-4E8F-A042-5E61F569CE18}.AppStore|iPhoneSimulator.Deploy.0 = AppStore|iPhoneSimulator
		{22C6E7F6-E02F-4E8F-A042-5E61F569CE18}.Debug|Any CPU.ActiveCfg = Debug|iPhoneSimulator
		{22C6E7F6-E02F-4E8F-A042-5E61F569CE18}.Debug|Any CPU.Build.0 = Debug|iPhoneSimulator
		{22C6E7F6-E02F-4E8F-A042-5E61F569CE18}.Debug|Any CPU.Deploy.0 = Debug|iPhoneSimulator
		{22C6E7F6-E02F-4E8F-A042-5E61F569CE18}.Debug|iPhone.ActiveCfg = Debug|iPhone
		{22C6E7F6-E02F-4E8F-A042-5E61F569CE18}.Debug|iPhone.Build.0 = Debug|iPhone
		{22C6E7F6-E02F-4E8F-A042-5E61F569CE18}.Debug|iPhone.Deploy.0 = Debug|iPhone
		{22C6E7F6-E02F-4E8F-A042-5E61F569CE18}.Debug|iPhoneSimulator.ActiveCfg = Debug|iPhoneSimulator
		{22C6E7F6-E02F-4E8F-A042-5E61F569CE18}.Debug|iPhoneSimulator.Build.0 = Debug|iPhoneSimulator
		{22C6E7F6-E02F-4E8F-A042-5E61F569CE18}.Debug|iPhoneSimulator.Deploy.0 = Debug|iPhoneSimulator
		{22C6E7F6-E02F-4E8F-A042-5E61F569CE18}.Release|Any CPU.ActiveCfg = Release|iPhone
		{22C6E7F6-E02F-4E8F-A042-5E61F569CE18}.Release|Any CPU.Build.0 = Release|iPhone
		{22C6E7F6-E02F-4E8F-A042-5E61F569CE18}.Release|Any CPU.Deploy.0 = Release|iPhone
		{22C6E7F6-E02F-4E8F-A042-5E61F569CE18}.Release|iPhone.ActiveCfg = Release|iPhone
		{22C6E7F6-E02F-4E8F-A042-5E61F569CE18}.Release|iPhone.Build.0 = Release|iPhone
		{22C6E7F6-E02F-4E8F-A042-5E61F569CE18}.Release|iPhone.Deploy.0 = Release|iPhone
		{22C6E7F6-E02F-4E8F-A042-5E61F569CE18}.Release|iPhoneSimulator.ActiveCfg = Release|iPhoneSimulator
		{22C6E7F6-E02F-4E8F-A042-5E61F569CE18}.Release|iPhoneSimulator.Build.0 = Release|iPhoneSimulator
		{22C6E7F6-E02F-4E8F-A042-5E61F569CE18}.Release|iPhoneSimulator.Deploy.0 = Release|iPhoneSimulator
		{68298EC7-0261-4AB5-9F13-C744E29645A5}.Ad-Hoc|Any CPU.ActiveCfg = Debug|Any CPU
		{68298EC7-0261-4AB5-9F13-C744E29645A5}.Ad-Hoc|Any CPU.Build.0 = Debug|Any CPU
		{68298EC7-0261-4AB5-9F13-C744E29645A5}.Ad-Hoc|Any CPU.Deploy.0 = Debug|Any CPU
		{68298EC7-0261-4AB5-9F13-C744E29645A5}.Ad-Hoc|iPhone.ActiveCfg = Debug|Any CPU
		{68298EC7-0261-4AB5-9F13-C744E29645A5}.Ad-Hoc|iPhone.Build.0 = Debug|Any CPU
		{68298EC7-0261-4AB5-9F13-C744E29645A5}.Ad-Hoc|iPhone.Deploy.0 = Debug|Any CPU
		{68298EC7-0261-4AB5-9F13-C744E29645A5}.Ad-Hoc|iPhoneSimulator.ActiveCfg = Debug|Any CPU
		{68298EC7-0261-4AB5-9F13-C744E29645A5}.Ad-Hoc|iPhoneSimulator.Build.0 = Debug|Any CPU
		{68298EC7-0261-4AB5-9F13-C744E29645A5}.Ad-Hoc|iPhoneSimulator.Deploy.0 = Debug|Any CPU
		{68298EC7-0261-4AB5-9F13-C744E29645A5}.AppStore|Any CPU.ActiveCfg = Debug|Any CPU
		{68298EC7-0261-4AB5-9F13-C744E29645A5}.AppStore|Any CPU.Build.0 = Debug|Any CPU
		{68298EC7-0261-4AB5-9F13-C744E29645A5}.AppStore|Any CPU.Deploy.0 = Debug|Any CPU
		{68298EC7-0261-4AB5-9F13-C744E29645A5}.AppStore|iPhone.ActiveCfg = Debug|Any CPU
		{68298EC7-0261-4AB5-9F13-C744E29645A5}.AppStore|iPhone.Build.0 = Debug|Any CPU
		{68298EC7-0261-4AB5-9F13-C744E29645A5}.AppStore|iPhone.Deploy.0 = Debug|Any CPU
		{68298EC7-0261-4AB5-9F13-C744E29645A5}.AppStore|iPhoneSimulator.ActiveCfg = Debug|Any CPU
		{68298EC7-0261-4AB5-9F13-C744E29645A5}.AppStore|iPhoneSimulator.Build.0 = Debug|Any CPU
		{68298EC7-0261-4AB5-9F13-C744E29645A5}.AppStore|iPhoneSimulator.Deploy.0 = Debug|Any CPU
		{68298EC7-0261-4AB5-9F13-C744E29645A5}.Debug|Any CPU.ActiveCfg = Debug|Any CPU
		{68298EC7-0261-4AB5-9F13-C744E29645A5}.Debug|Any CPU.Build.0 = Debug|Any CPU
		{68298EC7-0261-4AB5-9F13-C744E29645A5}.Debug|Any CPU.Deploy.0 = Debug|Any CPU
		{68298EC7-0261-4AB5-9F13-C744E29645A5}.Debug|iPhone.ActiveCfg = Debug|Any CPU
		{68298EC7-0261-4AB5-9F13-C744E29645A5}.Debug|iPhone.Build.0 = Debug|Any CPU
		{68298EC7-0261-4AB5-9F13-C744E29645A5}.Debug|iPhone.Deploy.0 = Debug|Any CPU
		{68298EC7-0261-4AB5-9F13-C744E29645A5}.Debug|iPhoneSimulator.ActiveCfg = Debug|Any CPU
		{68298EC7-0261-4AB5-9F13-C744E29645A5}.Debug|iPhoneSimulator.Build.0 = Debug|Any CPU
		{68298EC7-0261-4AB5-9F13-C744E29645A5}.Debug|iPhoneSimulator.Deploy.0 = Debug|Any CPU
		{68298EC7-0261-4AB5-9F13-C744E29645A5}.Release|Any CPU.ActiveCfg = Release|Any CPU
		{68298EC7-0261-4AB5-9F13-C744E29645A5}.Release|Any CPU.Build.0 = Release|Any CPU
		{68298EC7-0261-4AB5-9F13-C744E29645A5}.Release|Any CPU.Deploy.0 = Release|Any CPU
		{68298EC7-0261-4AB5-9F13-C744E29645A5}.Release|iPhone.ActiveCfg = Release|Any CPU
		{68298EC7-0261-4AB5-9F13-C744E29645A5}.Release|iPhone.Build.0 = Release|Any CPU
		{68298EC7-0261-4AB5-9F13-C744E29645A5}.Release|iPhone.Deploy.0 = Release|Any CPU
		{68298EC7-0261-4AB5-9F13-C744E29645A5}.Release|iPhoneSimulator.ActiveCfg = Release|Any CPU
		{68298EC7-0261-4AB5-9F13-C744E29645A5}.Release|iPhoneSimulator.Build.0 = Release|Any CPU
		{68298EC7-0261-4AB5-9F13-C744E29645A5}.Release|iPhoneSimulator.Deploy.0 = Release|Any CPU
		{87AA1C15-C020-451D-9689-ADB5939CDC40}.Ad-Hoc|Any CPU.ActiveCfg = Release|Any CPU
		{87AA1C15-C020-451D-9689-ADB5939CDC40}.Ad-Hoc|Any CPU.Build.0 = Release|Any CPU
		{87AA1C15-C020-451D-9689-ADB5939CDC40}.Ad-Hoc|iPhone.ActiveCfg = Release|Any CPU
		{87AA1C15-C020-451D-9689-ADB5939CDC40}.Ad-Hoc|iPhone.Build.0 = Release|Any CPU
		{87AA1C15-C020-451D-9689-ADB5939CDC40}.Ad-Hoc|iPhoneSimulator.ActiveCfg = Release|Any CPU
		{87AA1C15-C020-451D-9689-ADB5939CDC40}.Ad-Hoc|iPhoneSimulator.Build.0 = Release|Any CPU
		{87AA1C15-C020-451D-9689-ADB5939CDC40}.AppStore|Any CPU.ActiveCfg = Release|Any CPU
		{87AA1C15-C020-451D-9689-ADB5939CDC40}.AppStore|Any CPU.Build.0 = Release|Any CPU
		{87AA1C15-C020-451D-9689-ADB5939CDC40}.AppStore|iPhone.ActiveCfg = Release|Any CPU
		{87AA1C15-C020-451D-9689-ADB5939CDC40}.AppStore|iPhone.Build.0 = Release|Any CPU
		{87AA1C15-C020-451D-9689-ADB5939CDC40}.AppStore|iPhoneSimulator.ActiveCfg = Release|Any CPU
		{87AA1C15-C020-451D-9689-ADB5939CDC40}.AppStore|iPhoneSimulator.Build.0 = Release|Any CPU
		{87AA1C15-C020-451D-9689-ADB5939CDC40}.Debug|Any CPU.ActiveCfg = Debug|Any CPU
		{87AA1C15-C020-451D-9689-ADB5939CDC40}.Debug|Any CPU.Build.0 = Debug|Any CPU
		{87AA1C15-C020-451D-9689-ADB5939CDC40}.Debug|iPhone.ActiveCfg = Debug|Any CPU
		{87AA1C15-C020-451D-9689-ADB5939CDC40}.Debug|iPhone.Build.0 = Debug|Any CPU
		{87AA1C15-C020-451D-9689-ADB5939CDC40}.Debug|iPhoneSimulator.ActiveCfg = Debug|Any CPU
		{87AA1C15-C020-451D-9689-ADB5939CDC40}.Debug|iPhoneSimulator.Build.0 = Debug|Any CPU
		{87AA1C15-C020-451D-9689-ADB5939CDC40}.Release|Any CPU.ActiveCfg = Release|Any CPU
		{87AA1C15-C020-451D-9689-ADB5939CDC40}.Release|Any CPU.Build.0 = Release|Any CPU
		{87AA1C15-C020-451D-9689-ADB5939CDC40}.Release|iPhone.ActiveCfg = Release|Any CPU
		{87AA1C15-C020-451D-9689-ADB5939CDC40}.Release|iPhone.Build.0 = Release|Any CPU
		{87AA1C15-C020-451D-9689-ADB5939CDC40}.Release|iPhoneSimulator.ActiveCfg = Release|Any CPU
		{87AA1C15-C020-451D-9689-ADB5939CDC40}.Release|iPhoneSimulator.Build.0 = Release|Any CPU
		{E2C9DDBF-D4EA-4345-ADF2-2ECD431A7D5B}.Ad-Hoc|Any CPU.ActiveCfg = Debug|Any CPU
		{E2C9DDBF-D4EA-4345-ADF2-2ECD431A7D5B}.Ad-Hoc|Any CPU.Build.0 = Debug|Any CPU
		{E2C9DDBF-D4EA-4345-ADF2-2ECD431A7D5B}.Ad-Hoc|iPhone.ActiveCfg = Debug|Any CPU
		{E2C9DDBF-D4EA-4345-ADF2-2ECD431A7D5B}.Ad-Hoc|iPhone.Build.0 = Debug|Any CPU
		{E2C9DDBF-D4EA-4345-ADF2-2ECD431A7D5B}.Ad-Hoc|iPhoneSimulator.ActiveCfg = Debug|Any CPU
		{E2C9DDBF-D4EA-4345-ADF2-2ECD431A7D5B}.Ad-Hoc|iPhoneSimulator.Build.0 = Debug|Any CPU
		{E2C9DDBF-D4EA-4345-ADF2-2ECD431A7D5B}.AppStore|Any CPU.ActiveCfg = Debug|Any CPU
		{E2C9DDBF-D4EA-4345-ADF2-2ECD431A7D5B}.AppStore|Any CPU.Build.0 = Debug|Any CPU
		{E2C9DDBF-D4EA-4345-ADF2-2ECD431A7D5B}.AppStore|iPhone.ActiveCfg = Debug|Any CPU
		{E2C9DDBF-D4EA-4345-ADF2-2ECD431A7D5B}.AppStore|iPhone.Build.0 = Debug|Any CPU
		{E2C9DDBF-D4EA-4345-ADF2-2ECD431A7D5B}.AppStore|iPhoneSimulator.ActiveCfg = Debug|Any CPU
		{E2C9DDBF-D4EA-4345-ADF2-2ECD431A7D5B}.AppStore|iPhoneSimulator.Build.0 = Debug|Any CPU
		{E2C9DDBF-D4EA-4345-ADF2-2ECD431A7D5B}.Debug|Any CPU.ActiveCfg = Debug|Any CPU
		{E2C9DDBF-D4EA-4345-ADF2-2ECD431A7D5B}.Debug|Any CPU.Build.0 = Debug|Any CPU
		{E2C9DDBF-D4EA-4345-ADF2-2ECD431A7D5B}.Debug|iPhone.ActiveCfg = Debug|Any CPU
		{E2C9DDBF-D4EA-4345-ADF2-2ECD431A7D5B}.Debug|iPhone.Build.0 = Debug|Any CPU
		{E2C9DDBF-D4EA-4345-ADF2-2ECD431A7D5B}.Debug|iPhoneSimulator.ActiveCfg = Debug|Any CPU
		{E2C9DDBF-D4EA-4345-ADF2-2ECD431A7D5B}.Debug|iPhoneSimulator.Build.0 = Debug|Any CPU
		{E2C9DDBF-D4EA-4345-ADF2-2ECD431A7D5B}.Release|Any CPU.ActiveCfg = Release|Any CPU
		{E2C9DDBF-D4EA-4345-ADF2-2ECD431A7D5B}.Release|Any CPU.Build.0 = Release|Any CPU
		{E2C9DDBF-D4EA-4345-ADF2-2ECD431A7D5B}.Release|iPhone.ActiveCfg = Release|Any CPU
		{E2C9DDBF-D4EA-4345-ADF2-2ECD431A7D5B}.Release|iPhone.Build.0 = Release|Any CPU
		{E2C9DDBF-D4EA-4345-ADF2-2ECD431A7D5B}.Release|iPhoneSimulator.ActiveCfg = Release|Any CPU
		{E2C9DDBF-D4EA-4345-ADF2-2ECD431A7D5B}.Release|iPhoneSimulator.Build.0 = Release|Any CPU
	EndGlobalSection
	GlobalSection(SolutionProperties) = preSolution
		HideSolutionNode = FALSE
	EndGlobalSection
	GlobalSection(NestedProjects) = preSolution
		{87AA1C15-C020-451D-9689-ADB5939CDC40} = {09E786A2-FC9D-4BF2-8EFD-AC224E015079}
		{E2C9DDBF-D4EA-4345-ADF2-2ECD431A7D5B} = {09E786A2-FC9D-4BF2-8EFD-AC224E015079}
	EndGlobalSection
	GlobalSection(ExtensibilityGlobals) = postSolution
		SolutionGuid = {C0FE404C-7911-4FE1-8835-5CF8C7DF3D44}
	EndGlobalSection
EndGlobal
